
Microsoft Visual Studio Solution File, Format Version 12.00
# Visual Studio Version 16
VisualStudioVersion = 16.0.31624.102
MinimumVisualStudioVersion = 10.0.40219.1
Project("{FAE04EC0-301F-11D3-BF4B-00C04F79EFBC}") = "AC1", "AC1\AC1.csproj", "{52DA5990-FF1B-4E2A-AC26-DB4A281333E7}"
EndProject
Global
	GlobalSection(SolutionConfigurationPlatforms) = preSolution
		Debug|Any CPU = Debug|Any CPU
		Release|Any CPU = Release|Any CPU
	EndGlobalSection
	GlobalSection(ProjectConfigurationPlatforms) = postSolution
		{52DA5990-FF1B-4E2A-AC26-DB4A281333E7}.Debug|Any CPU.ActiveCfg = Debug|Any CPU
		{52DA5990-FF1B-4E2A-AC26-DB4A281333E7}.Debug|Any CPU.Build.0 = Debug|Any CPU
		{52DA5990-FF1B-4E2A-AC26-DB4A281333E7}.Release|Any CPU.ActiveCfg = Release|Any CPU
		{52DA5990-FF1B-4E2A-AC26-DB4A281333E7}.Release|Any CPU.Build.0 = Release|Any CPU
	EndGlobalSection
	GlobalSection(SolutionProperties) = preSolution
		HideSolutionNode = FALSE
	EndGlobalSection
	GlobalSection(ExtensibilityGlobals) = postSolution
		SolutionGuid = {7AEFA98A-7AF9-4C59-A7B8-00DAD021008B}
	EndGlobalSection
EndGlobal
